{
  "version": "4",
  "specifiers": {
    "npm:@cronitorio/cronitor-rum@~0.4.1": "0.4.1",
    "npm:preact@^10.26.2": "10.26.2"
  },
  "npm": {
    "@cronitorio/cronitor-rum@0.4.1": {
      "integrity": "sha512-myOOC8Cvv+881hasEV/fsnUswKXMVKfHtioZIy5SCcRPvH2jCV7T/DyZLXjm97FaeWIfTlu4s5P0dKW1zi7T3A==",
      "dependencies": [
        "web-vitals"
      ]
    },
    "preact@10.26.2": {
      "integrity": "sha512-0gNmv4qpS9HaN3+40CLBAnKe0ZfyE4ZWo5xKlC1rVrr0ckkEvJvAQqKaHANdFKsGstoxrY4AItZ7kZSGVoVjgg=="
    },
    "web-vitals@3.5.1": {
      "integrity": "sha512-xQ9lvIpfLxUj0eSmT79ZjRoU5wIRfIr7pNukL7ZE4EcWZSmfZQqOlhuAGfkVa3EFmzPHZhWhXfm2i5ys+THVPg=="
    }
  },
  "workspace": {
    "dependencies": [
      "npm:@cronitorio/cronitor-rum@~0.4.1",
      "npm:preact@^10.26.2"
    ]
  }
}
