{
  "version": "4",
  "specifiers": {
    "jsr:@deno/gfm@0.10": "0.10.0",
    "jsr:@denosaurs/emoji@0.3": "0.3.1",
    "npm:@cronitorio/cronitor-rum@~0.4.1": "0.4.1",
    "npm:@giscus/react@^3.1.0": "3.1.0_react@19.0.0_react-dom@19.0.0__react@19.0.0",
    "npm:@opentelemetry/auto-instrumentations-web@~0.45.1": "0.45.1_@opentelemetry+api@1.9.0_zone.js@0.15.0",
    "npm:@opentelemetry/context-zone@^1.30.1": "1.30.1_zone.js@0.15.0",
    "npm:@opentelemetry/core@^1.30.1": "1.30.1_@opentelemetry+api@1.9.0",
    "npm:@opentelemetry/exporter-trace-otlp-http@~0.57.2": "0.57.2_@opentelemetry+api@1.9.0",
    "npm:@opentelemetry/instrumentation@~0.57.2": "0.57.2_@opentelemetry+api@1.9.0",
    "npm:@opentelemetry/resources@^1.30.1": "1.30.1_@opentelemetry+api@1.9.0",
    "npm:@opentelemetry/sdk-trace-base@^1.30.1": "1.30.1_@opentelemetry+api@1.9.0",
    "npm:@opentelemetry/sdk-trace-web@^1.30.1": "1.30.1_@opentelemetry+api@1.9.0",
    "npm:@opentelemetry/semantic-conventions@^1.30.0": "1.30.0",
    "npm:@types/node@*": "22.12.0",
    "npm:github-slugger@2": "2.0.0",
    "npm:he@^1.2.0": "1.2.0",
    "npm:katex@0.16": "0.16.21",
    "npm:marked-alert@2": "2.1.2_marked@12.0.2",
    "npm:marked-footnote@^1.2.0": "1.2.4_marked@12.0.2",
    "npm:marked-gfm-heading-id@^3.1.0": "3.2.0_marked@12.0.2",
    "npm:marked-smartypants@^1.1.9": "1.1.9_marked@12.0.2",
    "npm:marked@12": "12.0.2",
    "npm:preact@^10.26.2": "10.26.2",
    "npm:prismjs@^1.29.0": "1.30.0",
    "npm:prismjs@^1.30.0": "1.30.0",
    "npm:sanitize-html@^2.13.0": "2.14.0"
  },
  "jsr": {
    "@deno/gfm@0.10.0": {
      "integrity": "51708205e3559a4aeb6afb29d07c5bfafe7941f91bb360351ef6621de9a39527",
      "dependencies": [
        "jsr:@denosaurs/emoji",
        "npm:github-slugger",
        "npm:he",
        "npm:katex",
        "npm:marked",
        "npm:marked-alert",
        "npm:marked-footnote",
        "npm:marked-gfm-heading-id",
        "npm:prismjs@^1.29.0",
        "npm:sanitize-html"
      ]
    },
    "@denosaurs/emoji@0.3.1": {
      "integrity": "b0aed5f55dec99e83da7c9637fe0a36d1d6252b7c99deaaa3fc5dea3fcf3da8b"
    }
  },
  "npm": {
    "@cronitorio/cronitor-rum@0.4.1": {
      "integrity": "sha512-myOOC8Cvv+881hasEV/fsnUswKXMVKfHtioZIy5SCcRPvH2jCV7T/DyZLXjm97FaeWIfTlu4s5P0dKW1zi7T3A==",
      "dependencies": [
        "web-vitals"
      ]
    },
    "@giscus/react@3.1.0_react@19.0.0_react-dom@19.0.0__react@19.0.0": {
      "integrity": "sha512-0TCO2TvL43+oOdyVVGHDItwxD1UMKP2ZYpT6gXmhFOqfAJtZxTzJ9hkn34iAF/b6YzyJ4Um89QIt9z/ajmAEeg==",
      "dependencies": [
        "giscus",
        "react",
        "react-dom"
      ]
    },
    "@lit-labs/ssr-dom-shim@1.3.0": {
      "integrity": "sha512-nQIWonJ6eFAvUUrSlwyHDm/aE8PBDu5kRpL0vHMg6K8fK3Diq1xdPjTnsJSwxABhaZ+5eBi1btQB5ShUTKo4nQ=="
    },
    "@lit/reactive-element@2.0.4": {
      "integrity": "sha512-GFn91inaUa2oHLak8awSIigYz0cU0Payr1rcFsrkf5OJ5eSPxElyZfKh0f2p9FsTiZWXQdWGJeXZICEfXXYSXQ==",
      "dependencies": [
        "@lit-labs/ssr-dom-shim"
      ]
    },
    "@opentelemetry/api-logs@0.57.2": {
      "integrity": "sha512-uIX52NnTM0iBh84MShlpouI7UKqkZ7MrUszTmaypHBu4r7NofznSnQRfJ+uUeDtQDj6w8eFGg5KBLDAwAPz1+A==",
      "dependencies": [
        "@opentelemetry/api"
      ]
    },
    "@opentelemetry/api@1.9.0": {
      "integrity": "sha512-3giAOQvZiH5F9bMlMiv8+GSPMeqg0dbaeo58/0SlA9sxSqZhnUtxzX9/2FzyhS9sWQf5S0GJE0AKBrFqjpeYcg=="
    },
    "@opentelemetry/auto-instrumentations-web@0.45.1_@opentelemetry+api@1.9.0_zone.js@0.15.0": {
      "integrity": "sha512-Q8DhofjNUFaIr4OHoVni96WMGoIijr0tKCtPe6c0Ih07/PZVWXBWT6PLpwOu0yusTzgc0TMuY5LOBqUVd6Y58w==",
      "dependencies": [
        "@opentelemetry/api",
        "@opentelemetry/instrumentation",
        "@opentelemetry/instrumentation-document-load",
        "@opentelemetry/instrumentation-fetch",
        "@opentelemetry/instrumentation-user-interaction",
        "@opentelemetry/instrumentation-xml-http-request",
        "zone.js"
      ]
    },
    "@opentelemetry/context-zone-peer-dep@1.30.1_@opentelemetry+api@1.9.0_zone.js@0.15.0": {
      "integrity": "sha512-8oJQR+MBblY5WGOm26AOBLogN+FoO26QEZssH9WJd1qSD7ABMefq9qyGyN9xilFFl2ABPHgcMzkfYb8vx9JBEA==",
      "dependencies": [
        "@opentelemetry/api",
        "zone.js"
      ]
    },
    "@opentelemetry/context-zone@1.30.1_zone.js@0.15.0": {
      "integrity": "sha512-N6CACt5sxXD6XzS2jJPqstNJZ/QFqeW56IiKfHb6hYOelCXVvYfxheF7byAeRXa7+N8rmXUP7aRdupALXP5hdQ==",
      "dependencies": [
        "@opentelemetry/context-zone-peer-dep",
        "zone.js"
      ]
    },
    "@opentelemetry/core@1.30.1_@opentelemetry+api@1.9.0": {
      "integrity": "sha512-OOCM2C/QIURhJMuKaekP3TRBxBKxG/TWWA0TL2J6nXUtDnuCtccy49LUJF8xPFXMX+0LMcxFpCo8M9cGY1W6rQ==",
      "dependencies": [
        "@opentelemetry/api",
        "@opentelemetry/semantic-conventions@1.28.0"
      ]
    },
    "@opentelemetry/exporter-trace-otlp-http@0.57.2_@opentelemetry+api@1.9.0": {
      "integrity": "sha512-sB/gkSYFu+0w2dVQ0PWY9fAMl172PKMZ/JrHkkW8dmjCL0CYkmXeE+ssqIL/yBUTPOvpLIpenX5T9RwXRBW/3g==",
      "dependencies": [
        "@opentelemetry/api",
        "@opentelemetry/core",
        "@opentelemetry/otlp-exporter-base",
        "@opentelemetry/otlp-transformer",
        "@opentelemetry/resources",
        "@opentelemetry/sdk-trace-base"
      ]
    },
    "@opentelemetry/instrumentation-document-load@0.44.1_@opentelemetry+api@1.9.0": {
      "integrity": "sha512-+Cu5K9TmW1LG0NvHi9SU8hDP4JJZiqWY5w+QHAXiozDmiET+cNjPmpbNOtg7QIuny7vo2nsahrM+JtkZONkv+w==",
      "dependencies": [
        "@opentelemetry/api",
        "@opentelemetry/core",
        "@opentelemetry/instrumentation",
        "@opentelemetry/sdk-trace-web",
        "@opentelemetry/semantic-conventions@1.30.0"
      ]
    },
    "@opentelemetry/instrumentation-fetch@0.57.2_@opentelemetry+api@1.9.0": {
      "integrity": "sha512-LF/lH9xpRTuGPdxta6Eiezw91DFm0A9SMux1vslNwSgL4jiB+q1fQ/8CRv7e5UNh7y/hit4LAdGPoH+f0wfTTQ==",
      "dependencies": [
        "@opentelemetry/api",
        "@opentelemetry/core",
        "@opentelemetry/instrumentation",
        "@opentelemetry/sdk-trace-web",
        "@opentelemetry/semantic-conventions@1.28.0"
      ]
    },
    "@opentelemetry/instrumentation-user-interaction@0.44.1_@opentelemetry+api@1.9.0_zone.js@0.15.0": {
      "integrity": "sha512-1T93GDxNiyq8c010/+E8tSjnnbctaJQIR8TELHRPWwbbJ/Up1+h2LDbC32Ztw/RfZ2vcWZVA16wY5JHoUiEwiQ==",
      "dependencies": [
        "@opentelemetry/api",
        "@opentelemetry/core",
        "@opentelemetry/instrumentation",
        "@opentelemetry/sdk-trace-web",
        "zone.js"
      ]
    },
    "@opentelemetry/instrumentation-xml-http-request@0.57.2_@opentelemetry+api@1.9.0": {
      "integrity": "sha512-9niBJT2egcytOqDEfA27xc6TIqlOTEzQYNli2lWuw+K7TeO7KcyYzmIeS/S6BYLulOsOWtvlE6CDDxXg+GUepw==",
      "dependencies": [
        "@opentelemetry/api",
        "@opentelemetry/core",
        "@opentelemetry/instrumentation",
        "@opentelemetry/sdk-trace-web",
        "@opentelemetry/semantic-conventions@1.28.0"
      ]
    },
    "@opentelemetry/instrumentation@0.57.2_@opentelemetry+api@1.9.0": {
      "integrity": "sha512-BdBGhQBh8IjZ2oIIX6F2/Q3LKm/FDDKi6ccYKcBTeilh6SNdNKveDOLk73BkSJjQLJk6qe4Yh+hHw1UPhCDdrg==",
      "dependencies": [
        "@opentelemetry/api",
        "@opentelemetry/api-logs",
        "@types/shimmer",
        "import-in-the-middle",
        "require-in-the-middle",
        "semver",
        "shimmer"
      ]
    },
    "@opentelemetry/otlp-exporter-base@0.57.2_@opentelemetry+api@1.9.0": {
      "integrity": "sha512-XdxEzL23Urhidyebg5E6jZoaiW5ygP/mRjxLHixogbqwDy2Faduzb5N0o/Oi+XTIJu+iyxXdVORjXax+Qgfxag==",
      "dependencies": [
        "@opentelemetry/api",
        "@opentelemetry/core",
        "@opentelemetry/otlp-transformer"
      ]
    },
    "@opentelemetry/otlp-transformer@0.57.2_@opentelemetry+api@1.9.0": {
      "integrity": "sha512-48IIRj49gbQVK52jYsw70+Jv+JbahT8BqT2Th7C4H7RCM9d0gZ5sgNPoMpWldmfjvIsSgiGJtjfk9MeZvjhoig==",
      "dependencies": [
        "@opentelemetry/api",
        "@opentelemetry/api-logs",
        "@opentelemetry/core",
        "@opentelemetry/resources",
        "@opentelemetry/sdk-logs",
        "@opentelemetry/sdk-metrics",
        "@opentelemetry/sdk-trace-base",
        "protobufjs"
      ]
    },
    "@opentelemetry/resources@1.30.1_@opentelemetry+api@1.9.0": {
      "integrity": "sha512-5UxZqiAgLYGFjS4s9qm5mBVo433u+dSPUFWVWXmLAD4wB65oMCoXaJP1KJa9DIYYMeHu3z4BZcStG3LC593cWA==",
      "dependencies": [
        "@opentelemetry/api",
        "@opentelemetry/core",
        "@opentelemetry/semantic-conventions@1.28.0"
      ]
    },
    "@opentelemetry/sdk-logs@0.57.2_@opentelemetry+api@1.9.0": {
      "integrity": "sha512-TXFHJ5c+BKggWbdEQ/inpgIzEmS2BGQowLE9UhsMd7YYlUfBQJ4uax0VF/B5NYigdM/75OoJGhAV3upEhK+3gg==",
      "dependencies": [
        "@opentelemetry/api",
        "@opentelemetry/api-logs",
        "@opentelemetry/core",
        "@opentelemetry/resources"
      ]
    },
    "@opentelemetry/sdk-metrics@1.30.1_@opentelemetry+api@1.9.0": {
      "integrity": "sha512-q9zcZ0Okl8jRgmy7eNW3Ku1XSgg3sDLa5evHZpCwjspw7E8Is4K/haRPDJrBcX3YSn/Y7gUvFnByNYEKQNbNog==",
      "dependencies": [
        "@opentelemetry/api",
        "@opentelemetry/core",
        "@opentelemetry/resources"
      ]
    },
    "@opentelemetry/sdk-trace-base@1.30.1_@opentelemetry+api@1.9.0": {
      "integrity": "sha512-jVPgBbH1gCy2Lb7X0AVQ8XAfgg0pJ4nvl8/IiQA6nxOsPvS+0zMJaFSs2ltXe0J6C8dqjcnpyqINDJmU30+uOg==",
      "dependencies": [
        "@opentelemetry/api",
        "@opentelemetry/core",
        "@opentelemetry/resources",
        "@opentelemetry/semantic-conventions@1.28.0"
      ]
    },
    "@opentelemetry/sdk-trace-web@1.30.1_@opentelemetry+api@1.9.0": {
      "integrity": "sha512-AUo2e+1uyTGMB36VlbvBqnCogVzQhpC7dRcVVdCrt+cFHLpFRRJcd45J2obGTgs0XiAwNLyq5bhkW3JF2NZA+A==",
      "dependencies": [
        "@opentelemetry/api",
        "@opentelemetry/core",
        "@opentelemetry/sdk-trace-base",
        "@opentelemetry/semantic-conventions@1.28.0"
      ]
    },
    "@opentelemetry/semantic-conventions@1.28.0": {
      "integrity": "sha512-lp4qAiMTD4sNWW4DbKLBkfiMZ4jbAboJIGOQr5DvciMRI494OapieI9qiODpOt0XBr1LjIDy1xAGAnVs5supTA=="
    },
    "@opentelemetry/semantic-conventions@1.30.0": {
      "integrity": "sha512-4VlGgo32k2EQ2wcCY3vEU28A0O13aOtHz3Xt2/2U5FAh9EfhD6t6DqL5Z6yAnRCntbTFDU4YfbpyzSlHNWycPw=="
    },
    "@protobufjs/aspromise@1.1.2": {
      "integrity": "sha512-j+gKExEuLmKwvz3OgROXtrJ2UG2x8Ch2YZUxahh+s1F2HZ+wAceUNLkvy6zKCPVRkU++ZWQrdxsUeQXmcg4uoQ=="
    },
    "@protobufjs/base64@1.1.2": {
      "integrity": "sha512-AZkcAA5vnN/v4PDqKyMR5lx7hZttPDgClv83E//FMNhR2TMcLUhfRUBHCmSl0oi9zMgDDqRUJkSxO3wm85+XLg=="
    },
    "@protobufjs/codegen@2.0.4": {
      "integrity": "sha512-YyFaikqM5sH0ziFZCN3xDC7zeGaB/d0IUb9CATugHWbd1FRFwWwt4ld4OYMPWu5a3Xe01mGAULCdqhMlPl29Jg=="
    },
    "@protobufjs/eventemitter@1.1.0": {
      "integrity": "sha512-j9ednRT81vYJ9OfVuXG6ERSTdEL1xVsNgqpkxMsbIabzSo3goCjDIveeGv5d03om39ML71RdmrGNjG5SReBP/Q=="
    },
    "@protobufjs/fetch@1.1.0": {
      "integrity": "sha512-lljVXpqXebpsijW71PZaCYeIcE5on1w5DlQy5WH6GLbFryLUrBD4932W/E2BSpfRJWseIL4v/KPgBFxDOIdKpQ==",
      "dependencies": [
        "@protobufjs/aspromise",
        "@protobufjs/inquire"
      ]
    },
    "@protobufjs/float@1.0.2": {
      "integrity": "sha512-Ddb+kVXlXst9d+R9PfTIxh1EdNkgoRe5tOX6t01f1lYWOvJnSPDBlG241QLzcyPdoNTsblLUdujGSE4RzrTZGQ=="
    },
    "@protobufjs/inquire@1.1.0": {
      "integrity": "sha512-kdSefcPdruJiFMVSbn801t4vFK7KB/5gd2fYvrxhuJYg8ILrmn9SKSX2tZdV6V+ksulWqS7aXjBcRXl3wHoD9Q=="
    },
    "@protobufjs/path@1.1.2": {
      "integrity": "sha512-6JOcJ5Tm08dOHAbdR3GrvP+yUUfkjG5ePsHYczMFLq3ZmMkAD98cDgcT2iA1lJ9NVwFd4tH/iSSoe44YWkltEA=="
    },
    "@protobufjs/pool@1.1.0": {
      "integrity": "sha512-0kELaGSIDBKvcgS4zkjz1PeddatrjYcmMWOlAuAPwAeccUrPHdUqo/J6LiymHHEiJT5NrF1UVwxY14f+fy4WQw=="
    },
    "@protobufjs/utf8@1.1.0": {
      "integrity": "sha512-Vvn3zZrhQZkkBE8LSuW3em98c0FwgO4nxzv6OdSxPKJIEKY2bGbHn+mhGIPerzI4twdxaP8/0+06HBpwf345Lw=="
    },
    "@types/node@22.12.0": {
      "integrity": "sha512-Fll2FZ1riMjNmlmJOdAyY5pUbkftXslB5DgEzlIuNaiWhXd00FhWxVC/r4yV/4wBb9JfImTu+jiSvXTkJ7F/gA==",
      "dependencies": [
        "undici-types"
      ]
    },
    "@types/node@22.13.5": {
      "integrity": "sha512-+lTU0PxZXn0Dr1NBtC7Y8cR21AJr87dLLU953CWA6pMxxv/UDc7jYAY90upcrie1nRcD6XNG5HOYEDtgW5TxAg==",
      "dependencies": [
        "undici-types"
      ]
    },
    "@types/shimmer@1.2.0": {
      "integrity": "sha512-UE7oxhQLLd9gub6JKIAhDq06T0F6FnztwMNRvYgjeQSBeMc1ZG/tA47EwfduvkuQS8apbkM/lpLpWsaCeYsXVg=="
    },
    "@types/trusted-types@2.0.7": {
      "integrity": "sha512-ScaPdn1dQczgbl0QFTeTOmVHFULt394XJgOQNoyVhZ6r2vLnMLJfBPd53SB52T/3G36VI1/g2MZaX0cwDuXsfw=="
    },
    "acorn-import-attributes@1.9.5_acorn@8.14.0": {
      "integrity": "sha512-n02Vykv5uA3eHGM/Z2dQrcD56kL8TyDb2p1+0P83PClMnC/nc+anbQRhIOWnSq4Ke/KvDPrY3C9hDtC/A3eHnQ==",
      "dependencies": [
        "acorn"
      ]
    },
    "acorn@8.14.0": {
      "integrity": "sha512-cl669nCJTZBsL97OF4kUQm5g5hC2uihk0NxY3WENAC0TYdILVkAyHymAntgxGkl7K+t0cXIrH5siy5S4XkFycA=="
    },
    "cjs-module-lexer@1.4.3": {
      "integrity": "sha512-9z8TZaGM1pfswYeXrUpzPrkx8UnWYdhJclsiYMm6x/w5+nN+8Tf/LnAgfLGQCm59qAOxU8WwHEq2vNwF6i4j+Q=="
    },
    "commander@8.3.0": {
      "integrity": "sha512-OkTL9umf+He2DZkUq8f8J9of7yL6RJKI24dVITBmNfZBmri9zYZQrKkuXiKhyfPSu8tUhnVBB1iKXevvnlR4Ww=="
    },
    "debug@4.4.0": {
      "integrity": "sha512-6WTZ/IxCY/T6BALoZHaE4ctp9xm+Z5kY/pzYaCHRFeyVhojxlrm+46y68HA6hr0TcwEssoxNiDEUJQjfPZ/RYA==",
      "dependencies": [
        "ms"
      ]
    },
    "deepmerge@4.3.1": {
      "integrity": "sha512-3sUqbMEc77XqpdNO7FRyRog+eW3ph+GYCbj+rK+uYyRMuwsVy0rMiVtPn+QJlKFvWP/1PYpapqYn0Me2knFn+A=="
    },
    "dom-serializer@2.0.0": {
      "integrity": "sha512-wIkAryiqt/nV5EQKqQpo3SToSOV9J0DnbJqwK7Wv/Trc92zIAYZ4FlMu+JPFW1DfGFt81ZTCGgDEabffXeLyJg==",
      "dependencies": [
        "domelementtype",
        "domhandler",
        "entities"
      ]
    },
    "domelementtype@2.3.0": {
      "integrity": "sha512-OLETBj6w0OsagBwdXnPdN0cnMfF9opN69co+7ZrbfPGrdpPVNBUj02spi6B1N7wChLQiPn4CSH/zJvXw56gmHw=="
    },
    "domhandler@5.0.3": {
      "integrity": "sha512-cgwlv/1iFQiFnU96XXgROh8xTeetsnJiDsTc7TYCLFd9+/WNkIqPTxiM/8pSd8VIrhXGTf1Ny1q1hquVqDJB5w==",
      "dependencies": [
        "domelementtype"
      ]
    },
    "domutils@3.1.0": {
      "integrity": "sha512-H78uMmQtI2AhgDJjWeQmHwJJ2bLPD3GMmO7Zja/ZZh84wkm+4ut+IUnUdRa8uCGX88DiVx1j6FRe1XfxEgjEZA==",
      "dependencies": [
        "dom-serializer",
        "domelementtype",
        "domhandler"
      ]
    },
    "entities@4.5.0": {
      "integrity": "sha512-V0hjH4dGPh9Ao5p0MoRY6BVqtwCjhz6vI5LT8AJ55H+4g9/4vbHx1I54fS0XuclLhDHArPQCiMjDxjaL8fPxhw=="
    },
    "escape-string-regexp@4.0.0": {
      "integrity": "sha512-TtpcNJ3XAzx3Gq8sWRzJaVajRs0uVxA2YAkdb1jm2YkPz4G6egUFAyA3n5vtEIZefPk5Wa4UXbKuS5fKkJWdgA=="
    },
    "function-bind@1.1.2": {
      "integrity": "sha512-7XHNxH7qX9xG5mIwxkhumTox/MIRNcOgDrxWsMt2pAr23WHp6MrRlN7FBSFpCpr+oVO0F744iUgR82nJMfG2SA=="
    },
    "giscus@1.6.0": {
      "integrity": "sha512-Zrsi8r4t1LVW950keaWcsURuZUQwUaMKjvJgTCY125vkW6OiEBkatE7ScJDbpqKHdZwb///7FVC21SE3iFK3PQ==",
      "dependencies": [
        "lit"
      ]
    },
    "github-slugger@2.0.0": {
      "integrity": "sha512-IaOQ9puYtjrkq7Y0Ygl9KDZnrf/aiUJYUpVf89y8kyaxbRG7Y1SrX/jaumrv81vc61+kiMempujsM3Yw7w5qcw=="
    },
    "hasown@2.0.2": {
      "integrity": "sha512-0hJU9SCPvmMzIBdZFqNPXWa6dqh7WdH0cII9y+CyS8rG3nL48Bclra9HmKhVVUHyPWNH5Y7xDwAB7bfgSjkUMQ==",
      "dependencies": [
        "function-bind"
      ]
    },
    "he@1.2.0": {
      "integrity": "sha512-F/1DnUGPopORZi0ni+CvrCgHQ5FyEAHRLSApuYWMmrbSwoN2Mn/7k+Gl38gJnR7yyDZk6WLXwiGod1JOWNDKGw=="
    },
    "htmlparser2@8.0.2": {
      "integrity": "sha512-GYdjWKDkbRLkZ5geuHs5NY1puJ+PXwP7+fHPRz06Eirsb9ugf6d8kkXav6ADhcODhFFPMIXyxkxSuMf3D6NCFA==",
      "dependencies": [
        "domelementtype",
        "domhandler",
        "domutils",
        "entities"
      ]
    },
    "import-in-the-middle@1.13.0_acorn@8.14.0": {
      "integrity": "sha512-YG86SYDtrL/Yu8JgfWb7kjQ0myLeT1whw6fs/ZHFkXFcbk9zJU9lOCsSJHpvaPumU11nN3US7NW6x1YTk+HrUA==",
      "dependencies": [
        "acorn",
        "acorn-import-attributes",
        "cjs-module-lexer",
        "module-details-from-path"
      ]
    },
    "is-core-module@2.16.1": {
      "integrity": "sha512-UfoeMA6fIJ8wTYFEUjelnaGI67v6+N7qXJEvQuIGa99l4xsCruSYOVSQ0uPANn4dAzm8lkYPaKLrrijLq7x23w==",
      "dependencies": [
        "hasown"
      ]
    },
    "is-plain-object@5.0.0": {
      "integrity": "sha512-VRSzKkbMm5jMDoKLbltAkFQ5Qr7VDiTFGXxYFXXowVj387GeGNOCsOH6Msy00SGZ3Fp84b1Naa1psqgcCIEP5Q=="
    },
    "katex@0.16.21": {
      "integrity": "sha512-XvqR7FgOHtWupfMiigNzmh+MgUVmDGU2kXZm899ZkPfcuoPuFxyHmXsgATDpFZDAXCI8tvinaVcDo8PIIJSo4A==",
      "dependencies": [
        "commander"
      ]
    },
    "lit-element@4.1.1": {
      "integrity": "sha512-HO9Tkkh34QkTeUmEdNYhMT8hzLid7YlMlATSi1q4q17HE5d9mrrEHJ/o8O2D0cMi182zK1F3v7x0PWFjrhXFew==",
      "dependencies": [
        "@lit-labs/ssr-dom-shim",
        "@lit/reactive-element",
        "lit-html"
      ]
    },
    "lit-html@3.2.1": {
      "integrity": "sha512-qI/3lziaPMSKsrwlxH/xMgikhQ0EGOX2ICU73Bi/YHFvz2j/yMCIrw4+puF2IpQ4+upd3EWbvnHM9+PnJn48YA==",
      "dependencies": [
        "@types/trusted-types"
      ]
    },
    "lit@3.2.1": {
      "integrity": "sha512-1BBa1E/z0O9ye5fZprPtdqnc0BFzxIxTTOO/tQFmyC/hj1O3jL4TfmLBw0WEwjAokdLwpclkvGgDJwTIh0/22w==",
      "dependencies": [
        "@lit/reactive-element",
        "lit-element",
        "lit-html"
      ]
    },
    "long@5.3.1": {
      "integrity": "sha512-ka87Jz3gcx/I7Hal94xaN2tZEOPoUOEVftkQqZx2EeQRN7LGdfLlI3FvZ+7WDplm+vK2Urx9ULrvSowtdCieng=="
    },
    "marked-alert@2.1.2_marked@12.0.2": {
      "integrity": "sha512-EFNRZ08d8L/iEIPLTlQMDjvwIsj03gxWCczYTht6DCiHJIZhMk4NK5gtPY9UqAYb09eV5VGT+jD4lp396E0I+w==",
      "dependencies": [
        "marked"
      ]
    },
    "marked-footnote@1.2.4_marked@12.0.2": {
      "integrity": "sha512-DB2Kl+wFh6YwZd70qABMY6WUkG1UuyqoNTFoDfGyG79Pz24neYtLBkB+45a7o72V7gkfvbC3CGzIYFobxfMT1Q==",
      "dependencies": [
        "marked"
      ]
    },
    "marked-gfm-heading-id@3.2.0_marked@12.0.2": {
      "integrity": "sha512-Xfxpr5lXLDLY10XqzSCA9l2dDaiabQUgtYM9hw8yunyVsB/xYBRpiic6BOiY/EAJw1ik1eWr1ET1HKOAPZBhXg==",
      "dependencies": [
        "github-slugger",
        "marked"
      ]
    },
    "marked-smartypants@1.1.9_marked@12.0.2": {
      "integrity": "sha512-VPeuaUr5IWptI7nJdgQ9ugrLWYGv13NdzEXTtKY3cmB4aRWOI2RzhLlf+xQp6Wnob9SAPO2sNVlfSJr+nflk/A==",
      "dependencies": [
        "marked",
        "smartypants"
      ]
    },
    "marked@12.0.2": {
      "integrity": "sha512-qXUm7e/YKFoqFPYPa3Ukg9xlI5cyAtGmyEIzMfW//m6kXwCy2Ps9DYf5ioijFKQ8qyuscrHoY04iJGctu2Kg0Q=="
    },
    "module-details-from-path@1.0.3": {
      "integrity": "sha512-ySViT69/76t8VhE1xXHK6Ch4NcDd26gx0MzKXLO+F7NOtnqH68d9zF94nT8ZWSxXh8ELOERsnJO/sWt1xZYw5A=="
    },
    "ms@2.1.3": {
      "integrity": "sha512-6FlzubTLZG3J2a/NVCAleEhjzq5oxgHyaCU9yYXvcLsvoVaHJq/s5xXI6/XXP6tz7R9xAOtHnSO/tXtF3WRTlA=="
    },
    "nanoid@3.3.9": {
      "integrity": "sha512-SppoicMGpZvbF1l3z4x7No3OlIjP7QJvC9XR7AhZr1kL133KHnKPztkKDc+Ir4aJ/1VhTySrtKhrsycmrMQfvg=="
    },
    "parse-srcset@1.0.2": {
      "integrity": "sha512-/2qh0lav6CmI15FzA3i/2Bzk2zCgQhGMkvhOhKNcBVQ1ldgpbfiNTVslmooUmWJcADi1f1kIeynbDRVzNlfR6Q=="
    },
    "path-parse@1.0.7": {
      "integrity": "sha512-LDJzPVEEEPR+y48z93A0Ed0yXb8pAByGWo/k5YYdYgpY2/2EsOsksJrq7lOHxryrVOn1ejG6oAp8ahvOIQD8sw=="
    },
    "picocolors@1.1.1": {
      "integrity": "sha512-xceH2snhtb5M9liqDsmEw56le376mTZkEX/jEb/RxNFyegNul7eNslCXP9FDj/Lcu0X8KEyMceP2ntpaHrDEVA=="
    },
    "postcss@8.5.3": {
      "integrity": "sha512-dle9A3yYxlBSrt8Fu+IpjGT8SY8hN0mlaA6GY8t0P5PjIOZemULz/E2Bnm/2dcUOena75OTNkHI76uZBNUUq3A==",
      "dependencies": [
        "nanoid",
        "picocolors",
        "source-map-js"
      ]
    },
    "preact@10.26.2": {
      "integrity": "sha512-0gNmv4qpS9HaN3+40CLBAnKe0ZfyE4ZWo5xKlC1rVrr0ckkEvJvAQqKaHANdFKsGstoxrY4AItZ7kZSGVoVjgg=="
    },
    "prismjs@1.30.0": {
      "integrity": "sha512-DEvV2ZF2r2/63V+tK8hQvrR2ZGn10srHbXviTlcv7Kpzw8jWiNTqbVgjO3IY8RxrrOUF8VPMQQFysYYYv0YZxw=="
    },
    "protobufjs@7.4.0": {
      "integrity": "sha512-mRUWCc3KUU4w1jU8sGxICXH/gNS94DvI1gxqDvBzhj1JpcsimQkYiOJfwsPUykUI5ZaspFbSgmBLER8IrQ3tqw==",
      "dependencies": [
        "@protobufjs/aspromise",
        "@protobufjs/base64",
        "@protobufjs/codegen",
        "@protobufjs/eventemitter",
        "@protobufjs/fetch",
        "@protobufjs/float",
        "@protobufjs/inquire",
        "@protobufjs/path",
        "@protobufjs/pool",
        "@protobufjs/utf8",
        "@types/node@22.13.5",
        "long"
      ]
    },
    "react-dom@19.0.0_react@19.0.0": {
      "integrity": "sha512-4GV5sHFG0e/0AD4X+ySy6UJd3jVl1iNsNHdpad0qhABJ11twS3TTBnseqsKurKcsNqCEFeGL3uLpVChpIO3QfQ==",
      "dependencies": [
        "react",
        "scheduler"
      ]
    },
    "react@19.0.0": {
      "integrity": "sha512-V8AVnmPIICiWpGfm6GLzCR/W5FXLchHop40W4nXBmdlEceh16rCN8O8LNWm5bh5XUX91fh7KpA+W0TgMKmgTpQ=="
    },
    "require-in-the-middle@7.5.2": {
      "integrity": "sha512-gAZ+kLqBdHarXB64XpAe2VCjB7rIRv+mU8tfRWziHRJ5umKsIHN2tLLv6EtMw7WCdP19S0ERVMldNvxYCHnhSQ==",
      "dependencies": [
        "debug",
        "module-details-from-path",
        "resolve"
      ]
    },
    "resolve@1.22.10": {
      "integrity": "sha512-NPRy+/ncIMeDlTAsuqwKIiferiawhefFJtkNSW0qZJEqMEb+qBt/77B/jGeeek+F0uOeN05CDa6HXbbIgtVX4w==",
      "dependencies": [
        "is-core-module",
        "path-parse",
        "supports-preserve-symlinks-flag"
      ]
    },
    "sanitize-html@2.14.0": {
      "integrity": "sha512-CafX+IUPxZshXqqRaG9ZClSlfPVjSxI0td7n07hk8QO2oO+9JDnlcL8iM8TWeOXOIBFgIOx6zioTzM53AOMn3g==",
      "dependencies": [
        "deepmerge",
        "escape-string-regexp",
        "htmlparser2",
        "is-plain-object",
        "parse-srcset",
        "postcss"
      ]
    },
    "scheduler@0.25.0": {
      "integrity": "sha512-xFVuu11jh+xcO7JOAGJNOXld8/TcEHK/4CituBUeUb5hqxJLj9YuemAEuvm9gQ/+pgXYfbQuqAkiYu+u7YEsNA=="
    },
    "semver@7.7.1": {
      "integrity": "sha512-hlq8tAfn0m/61p4BVRcPzIGr6LKiMwo4VM6dGi6pt4qcRkmNzTcWq6eCEjEh+qXjkMDvPlOFFSGwQjoEa6gyMA=="
    },
    "shimmer@1.2.1": {
      "integrity": "sha512-sQTKC1Re/rM6XyFM6fIAGHRPVGvyXfgzIDvzoq608vM+jeyVD0Tu1E6Np0Kc2zAIFWIj963V2800iF/9LPieQw=="
    },
    "smartypants@0.2.2": {
      "integrity": "sha512-TzobUYoEft/xBtb2voRPryAUIvYguG0V7Tt3de79I1WfXgCwelqVsGuZSnu3GFGRZhXR90AeEYIM+icuB/S06Q=="
    },
    "source-map-js@1.2.1": {
      "integrity": "sha512-UXWMKhLOwVKb728IUtQPXxfYU+usdybtUrK/8uGE8CQMvrhOpwvzDBwj0QhSL7MQc7vIsISBG8VQ8+IDQxpfQA=="
    },
    "supports-preserve-symlinks-flag@1.0.0": {
      "integrity": "sha512-ot0WnXS9fgdkgIcePe6RHNk1WA8+muPa6cSjeR3V8K27q9BB1rTE3R1p7Hv0z1ZyAc8s6Vvv8DIyWf681MAt0w=="
    },
    "undici-types@6.20.0": {
      "integrity": "sha512-Ny6QZ2Nju20vw1SRHe3d9jVu6gJ+4e3+MMpqu7pqE5HT6WsTSlce++GQmK5UXS8mzV8DSYHrQH+Xrf2jVcuKNg=="
    },
    "web-vitals@3.5.1": {
      "integrity": "sha512-xQ9lvIpfLxUj0eSmT79ZjRoU5wIRfIr7pNukL7ZE4EcWZSmfZQqOlhuAGfkVa3EFmzPHZhWhXfm2i5ys+THVPg=="
    },
    "zone.js@0.15.0": {
      "integrity": "sha512-9oxn0IIjbCZkJ67L+LkhYWRyAy7axphb3VgE2MBDlOqnmHMPWGYMxJxBYFueFq/JGY2GMwS0rU+UCLunEmy5UA=="
    }
  },
  "redirects": {
    "https://esm.sh/@giscus/react@^3.1.0?alias=react:preact/compat": "https://esm.sh/@giscus/react@3.1.0?alias=react:preact/compat",
    "https://esm.sh/@giscus/react@^3.1.0?alias=react:preact/compat&alias=react-dom:preact/compat&external=preact": "https://esm.sh/@giscus/react@3.1.0?alias=react:preact/compat&alias=react-dom:preact/compat&external=preact",
    "https://esm.sh/preact/compat/jsx-runtime?target=denonext": "https://esm.sh/preact@10.26.4/compat/jsx-runtime?target=denonext",
    "https://esm.sh/preact/compat?target=denonext": "https://esm.sh/preact@10.26.4/compat?target=denonext"
  },
  "remote": {
    "https://esm.sh/@giscus/react@3.1.0/X-YXJlYWN0OnByZWFjdC9jb21wYXQ/denonext/dist/giscus-Ci9LqPcC.mjs": "e8ad0121c6921ae7d2682a96c5ec893cc347e405f3bac71586d9a018ef176248",
    "https://esm.sh/@giscus/react@3.1.0/X-YXJlYWN0OnByZWFjdC9jb21wYXQ/denonext/react.mjs": "0f1417a56994f741f5d90e7a9928fc774edcb0afc2f0bd33208ba835124653ab",
    "https://esm.sh/@giscus/react@3.1.0/X-YXJlYWN0OnByZWFjdC9jb21wYXQKZXByZWFjdA/denonext/dist/giscus-Ci9LqPcC.mjs": "e8ad0121c6921ae7d2682a96c5ec893cc347e405f3bac71586d9a018ef176248",
    "https://esm.sh/@giscus/react@3.1.0/X-YXJlYWN0OnByZWFjdC9jb21wYXQKZXByZWFjdA/denonext/react.mjs": "199d99008a7ef3eafd518db7fbf96ff3702c2d13d7ab6d01368330fde055712f",
    "https://esm.sh/@giscus/react@3.1.0?alias=react:preact/compat": "c06a8611f7c04520bb072a17cf5e4930705b8f985d4bb7cfa504eae86f784a88",
    "https://esm.sh/@giscus/react@3.1.0?alias=react:preact/compat&alias=react-dom:preact/compat&external=preact": "83ba14c1c851b948acc3d2c80065958ce67bbf86ecd8d9f07d27214350306349",
    "https://esm.sh/preact@10.26.4/compat/jsx-runtime?target=denonext": "8e91a41374cf787a544aee3e0f0e26a223c27bf2f9dbc770cf4974978b1895be",
    "https://esm.sh/preact@10.26.4/compat?target=denonext": "a0ee940c39717a57a5c86c466fdcd67ab77eb946abadc0c9b4d0c5223161508f",
    "https://esm.sh/preact@10.26.4/denonext/compat.mjs": "92c1e9f99a81581024fdceaf1991fbcf25205fb808364f516e8012ec304c198e",
    "https://esm.sh/preact@10.26.4/denonext/compat/jsx-runtime.mjs": "2dcbbcc345cfd8ae05c6d2572028c9853dcb2caacca9dc8a724c1d4aab51f6bf",
    "https://esm.sh/preact@10.26.4/denonext/hooks.mjs": "190e01f0f3941e6aaa141c77f1a3c603483cc53ef6b5a13711f6af8fefd2def8",
    "https://esm.sh/preact@10.26.4/denonext/jsx-runtime.mjs": "310fbc4a3f5b511ac12cc2bcc09a07501aab551495d96c4ab69e7a809e03265f",
    "https://esm.sh/preact@10.26.4/denonext/preact.mjs": "c8d401d841029111be42eb71302f20ce42997a73722d22442771648f985b5d11"
  },
  "workspace": {
    "dependencies": [
      "jsr:@deno/gfm@0.10",
      "npm:@cronitorio/cronitor-rum@~0.4.1",
      "npm:@giscus/react@^3.1.0",
      "npm:@opentelemetry/auto-instrumentations-web@~0.45.1",
      "npm:@opentelemetry/context-zone@^1.30.1",
      "npm:@opentelemetry/core@^1.30.1",
      "npm:@opentelemetry/exporter-trace-otlp-http@~0.57.2",
      "npm:@opentelemetry/instrumentation@~0.57.2",
      "npm:@opentelemetry/resources@^1.30.1",
      "npm:@opentelemetry/sdk-trace-base@^1.30.1",
      "npm:@opentelemetry/sdk-trace-web@^1.30.1",
      "npm:@opentelemetry/semantic-conventions@^1.30.0",
      "npm:marked-smartypants@^1.1.9",
      "npm:preact@^10.26.2",
      "npm:prismjs@^1.30.0"
    ]
  }
}
